
Microsoft Visual Studio Solution File, Format Version 12.00
# Visual Studio Version 16
VisualStudioVersion = 16.0.30413.136
MinimumVisualStudioVersion = 10.0.40219.1
Project("{FAE04EC0-301F-11D3-BF4B-00C04F79EFBC}") = "Bank", "Bank.csproj", "{DEFBA86D-C45C-49BF-B3B9-AB2F9F63972B}"
EndProject
Global
	GlobalSection(SolutionConfigurationPlatforms) = preSolution
		Debug|Any CPU = Debug|Any CPU
		Release|Any CPU = Release|Any CPU
	EndGlobalSection
	GlobalSection(ProjectConfigurationPlatforms) = postSolution
		{DEFBA86D-C45C-49BF-B3B9-AB2F9F63972B}.Debug|Any CPU.ActiveCfg = Debug|Any CPU
		{DEFBA86D-C45C-49BF-B3B9-AB2F9F63972B}.Debug|Any CPU.Build.0 = Debug|Any CPU
		{DEFBA86D-C45C-49BF-B3B9-AB2F9F63972B}.Release|Any CPU.ActiveCfg = Release|Any CPU
		{DEFBA86D-C45C-49BF-B3B9-AB2F9F63972B}.Release|Any CPU.Build.0 = Release|Any CPU
	EndGlobalSection
	GlobalSection(SolutionProperties) = preSolution
		HideSolutionNode = FALSE
	EndGlobalSection
	GlobalSection(ExtensibilityGlobals) = postSolution
		SolutionGuid = {2E4AC323-CB20-46C3-8AD2-F32F738C8E1E}
	EndGlobalSection
EndGlobal
