
Microsoft Visual Studio Solution File, Format Version 12.00
# Visual Studio Version 16
VisualStudioVersion = 16.0.30413.136
MinimumVisualStudioVersion = 10.0.40219.1
Project("{FAE04EC0-301F-11D3-BF4B-00C04F79EFBC}") = "Razor", "Razor.csproj", "{723CA48A-B2EA-427B-8E91-488A92C86406}"
EndProject
Global
	GlobalSection(SolutionConfigurationPlatforms) = preSolution
		Debug|Any CPU = Debug|Any CPU
		Release|Any CPU = Release|Any CPU
	EndGlobalSection
	GlobalSection(ProjectConfigurationPlatforms) = postSolution
		{723CA48A-B2EA-427B-8E91-488A92C86406}.Debug|Any CPU.ActiveCfg = Debug|Any CPU
		{723CA48A-B2EA-427B-8E91-488A92C86406}.Debug|Any CPU.Build.0 = Debug|Any CPU
		{723CA48A-B2EA-427B-8E91-488A92C86406}.Release|Any CPU.ActiveCfg = Release|Any CPU
		{723CA48A-B2EA-427B-8E91-488A92C86406}.Release|Any CPU.Build.0 = Release|Any CPU
	EndGlobalSection
	GlobalSection(SolutionProperties) = preSolution
		HideSolutionNode = FALSE
	EndGlobalSection
	GlobalSection(ExtensibilityGlobals) = postSolution
		SolutionGuid = {6C61DA6E-7D9E-413F-B8F0-EA1A75045C6B}
	EndGlobalSection
EndGlobal
